
Microsoft Visual Studio Solution File, Format Version 12.00
# Visual Studio 15
VisualStudioVersion = 15.0.28307.779
MinimumVisualStudioVersion = 10.0.40219.1
Project("{FAE04EC0-301F-11D3-BF4B-00C04F79EFBC}") = "MJ_Query", "MJ_Query\MJ_Query.csproj", "{FD86E209-8F2D-4BA3-B72D-A523F11F14C0}"
EndProject
Global
	GlobalSection(SolutionConfigurationPlatforms) = preSolution
		Debug|Any CPU = Debug|Any CPU
		Release|Any CPU = Release|Any CPU
	EndGlobalSection
	GlobalSection(ProjectConfigurationPlatforms) = postSolution
		{FD86E209-8F2D-4BA3-B72D-A523F11F14C0}.Debug|Any CPU.ActiveCfg = Debug|Any CPU
		{FD86E209-8F2D-4BA3-B72D-A523F11F14C0}.Debug|Any CPU.Build.0 = Debug|Any CPU
		{FD86E209-8F2D-4BA3-B72D-A523F11F14C0}.Release|Any CPU.ActiveCfg = Release|Any CPU
		{FD86E209-8F2D-4BA3-B72D-A523F11F14C0}.Release|Any CPU.Build.0 = Release|Any CPU
	EndGlobalSection
	GlobalSection(SolutionProperties) = preSolution
		HideSolutionNode = FALSE
	EndGlobalSection
	GlobalSection(ExtensibilityGlobals) = postSolution
		SolutionGuid = {4705EDDE-78C3-4C69-AEC4-FD9862CA298B}
	EndGlobalSection
EndGlobal
